// !$*UTF8*$!
{
	archiveVersion = 1;
	classes = {
	};
	objectVersion = 50;
	objects = {

/* Begin PBXBuildFile section */
		411E69EE25F99B3800D1758E /* AppDelegate.swift in Sources */ = {isa = PBXBuildFile; fileRef = 411E69ED25F99B3800D1758E /* AppDelegate.swift */; };
		411E69F025F99B3800D1758E /* SceneDelegate.swift in Sources */ = {isa = PBXBuildFile; fileRef = 411E69EF25F99B3800D1758E /* SceneDelegate.swift */; };
		411E69F225F99B3800D1758E /* ContentView.swift in Sources */ = {isa = PBXBuildFile; fileRef = 411E69F125F99B3800D1758E /* ContentView.swift */; };
		411E69F425F99B3C00D1758E /* Assets.xcassets in Resources */ = {isa = PBXBuildFile; fileRef = 411E69F325F99B3C00D1758E /* Assets.xcassets */; };
		411E69F725F99B3C00D1758E /* Preview Assets.xcassets in Resources */ = {isa = PBXBuildFile; fileRef = 411E69F625F99B3C00D1758E /* Preview Assets.xcassets */; };
		411E69FA25F99B3C00D1758E /* LaunchScreen.storyboard in Resources */ = {isa = PBXBuildFile; fileRef = 411E69F825F99B3C00D1758E /* LaunchScreen.storyboard */; };
		411E6A0525F99B3D00D1758E /* ManPowerAppTests.swift in Sources */ = {isa = PBXBuildFile; fileRef = 411E6A0425F99B3D00D1758E /* ManPowerAppTests.swift */; };
		411E6A1025F99B3D00D1758E /* ManPowerAppUITests.swift in Sources */ = {isa = PBXBuildFile; fileRef = 411E6A0F25F99B3D00D1758E /* ManPowerAppUITests.swift */; };
		411E6A6C25F99C2800D1758E /* ExampleNovedades.swift in Sources */ = {isa = PBXBuildFile; fileRef = 411E6A6725F99C2800D1758E /* ExampleNovedades.swift */; };
		411E6A6D25F99C2800D1758E /* ExampleCapacitacion.swift in Sources */ = {isa = PBXBuildFile; fileRef = 411E6A6825F99C2800D1758E /* ExampleCapacitacion.swift */; };
		411E6A6E25F99C2800D1758E /* ExampleHomeView.swift in Sources */ = {isa = PBXBuildFile; fileRef = 411E6A6925F99C2800D1758E /* ExampleHomeView.swift */; };
		411E6A6F25F99C2800D1758E /* ExampleSolicitudes.swift in Sources */ = {isa = PBXBuildFile; fileRef = 411E6A6A25F99C2800D1758E /* ExampleSolicitudes.swift */; };
		411E6A7025F99C2800D1758E /* ExampleBeneficios.swift in Sources */ = {isa = PBXBuildFile; fileRef = 411E6A6B25F99C2800D1758E /* ExampleBeneficios.swift */; };
		411E6A8A25F99EEB00D1758E /* CDSideMenuViewModifiers.swift in Sources */ = {isa = PBXBuildFile; fileRef = 411E6A7925F99EEB00D1758E /* CDSideMenuViewModifiers.swift */; };
		411E6A8B25F99EEB00D1758E /* CDViewsModifier.swift in Sources */ = {isa = PBXBuildFile; fileRef = 411E6A7A25F99EEB00D1758E /* CDViewsModifier.swift */; };
		411E6A8C25F99EEB00D1758E /* CDSideMenuNotification.swift in Sources */ = {isa = PBXBuildFile; fileRef = 411E6A7C25F99EEB00D1758E /* CDSideMenuNotification.swift */; };
		411E6A8D25F99EEB00D1758E /* CDSideMenuConfiguration.swift in Sources */ = {isa = PBXBuildFile; fileRef = 411E6A7D25F99EEB00D1758E /* CDSideMenuConfiguration.swift */; };
		411E6A8E25F99EEB00D1758E /* CDSideMenuItem.swift in Sources */ = {isa = PBXBuildFile; fileRef = 411E6A7E25F99EEB00D1758E /* CDSideMenuItem.swift */; };
		411E6A8F25F99EEB00D1758E /* CDUserData.swift in Sources */ = {isa = PBXBuildFile; fileRef = 411E6A7F25F99EEB00D1758E /* CDUserData.swift */; };
		411E6A9025F99EEB00D1758E /* String.swift in Sources */ = {isa = PBXBuildFile; fileRef = 411E6A8125F99EEB00D1758E /* String.swift */; };
		411E6A9125F99EEB00D1758E /* Color.swift in Sources */ = {isa = PBXBuildFile; fileRef = 411E6A8225F99EEB00D1758E /* Color.swift */; };
		411E6A9225F99EEB00D1758E /* CDSideMenuRow.swift in Sources */ = {isa = PBXBuildFile; fileRef = 411E6A8425F99EEB00D1758E /* CDSideMenuRow.swift */; };
		411E6A9325F99EEB00D1758E /* CDSideMenuButton.swift in Sources */ = {isa = PBXBuildFile; fileRef = 411E6A8525F99EEB00D1758E /* CDSideMenuButton.swift */; };
		411E6A9425F99EEB00D1758E /* CDSideMenuAccountView.swift in Sources */ = {isa = PBXBuildFile; fileRef = 411E6A8625F99EEB00D1758E /* CDSideMenuAccountView.swift */; };
		411E6A9525F99EEB00D1758E /* CDSideMenuItemList.swift in Sources */ = {isa = PBXBuildFile; fileRef = 411E6A8725F99EEB00D1758E /* CDSideMenuItemList.swift */; };
		411E6A9625F99EEB00D1758E /* CDSideMenuView.swift in Sources */ = {isa = PBXBuildFile; fileRef = 411E6A8825F99EEB00D1758E /* CDSideMenuView.swift */; };
		411E6A9725F99EEB00D1758E /* CDSideMenuMainView.swift in Sources */ = {isa = PBXBuildFile; fileRef = 411E6A8925F99EEB00D1758E /* CDSideMenuMainView.swift */; };
		521C7F4426073A3B0061D77F /*   RemoteImage.swift in Sources */ = {isa = PBXBuildFile; fileRef = 521C7F4326073A3A0061D77F /*   RemoteImage.swift */; };
		521C7F4C2607E4120061D77F /* ExampleListView.swift in Sources */ = {isa = PBXBuildFile; fileRef = 521C7F4B2607E4120061D77F /* ExampleListView.swift */; };
		527C896C25FAB009004C9BF5 /* ExampleInformacion.swift in Sources */ = {isa = PBXBuildFile; fileRef = 527C896B25FAB009004C9BF5 /* ExampleInformacion.swift */; };
		527C897125FAB15F004C9BF5 /* ExampleContacto.swift in Sources */ = {isa = PBXBuildFile; fileRef = 527C897025FAB15F004C9BF5 /* ExampleContacto.swift */; };
		527C897625FAB20A004C9BF5 /* ExampleContra.swift in Sources */ = {isa = PBXBuildFile; fileRef = 527C897525FAB20A004C9BF5 /* ExampleContra.swift */; };
		52EEB3A425FA02F7005810E7 /* Privacidad.swift in Sources */ = {isa = PBXBuildFile; fileRef = 52EEB3A325FA02F7005810E7 /* Privacidad.swift */; };
/* End PBXBuildFile section */

/* Begin PBXContainerItemProxy section */
		411E6A0125F99B3D00D1758E /* PBXContainerItemProxy */ = {
			isa = PBXContainerItemProxy;
			containerPortal = 411E69E225F99B3800D1758E /* Project object */;
			proxyType = 1;
			remoteGlobalIDString = 411E69E925F99B3800D1758E;
			remoteInfo = ManPowerApp;
		};
		411E6A0C25F99B3D00D1758E /* PBXContainerItemProxy */ = {
			isa = PBXContainerItemProxy;
			containerPortal = 411E69E225F99B3800D1758E /* Project object */;
			proxyType = 1;
			remoteGlobalIDString = 411E69E925F99B3800D1758E;
			remoteInfo = ManPowerApp;
		};
/* End PBXContainerItemProxy section */

/* Begin PBXFileReference section */
		411E69EA25F99B3800D1758E /* ManPowerApp.app */ = {isa = PBXFileReference; explicitFileType = wrapper.application; includeInIndex = 0; path = ManPowerApp.app; sourceTree = BUILT_PRODUCTS_DIR; };
		411E69ED25F99B3800D1758E /* AppDelegate.swift */ = {isa = PBXFileReference; lastKnownFileType = sourcecode.swift; path = AppDelegate.swift; sourceTree = "<group>"; };
		411E69EF25F99B3800D1758E /* SceneDelegate.swift */ = {isa = PBXFileReference; lastKnownFileType = sourcecode.swift; path = SceneDelegate.swift; sourceTree = "<group>"; };
		411E69F125F99B3800D1758E /* ContentView.swift */ = {isa = PBXFileReference; lastKnownFileType = sourcecode.swift; path = ContentView.swift; sourceTree = "<group>"; };
		411E69F325F99B3C00D1758E /* Assets.xcassets */ = {isa = PBXFileReference; lastKnownFileType = folder.assetcatalog; path = Assets.xcassets; sourceTree = "<group>"; };
		411E69F625F99B3C00D1758E /* Preview Assets.xcassets */ = {isa = PBXFileReference; lastKnownFileType = folder.assetcatalog; path = "Preview Assets.xcassets"; sourceTree = "<group>"; };
		411E69F925F99B3C00D1758E /* Base */ = {isa = PBXFileReference; lastKnownFileType = file.storyboard; name = Base; path = Base.lproj/LaunchScreen.storyboard; sourceTree = "<group>"; };
		411E69FB25F99B3C00D1758E /* Info.plist */ = {isa = PBXFileReference; lastKnownFileType = text.plist.xml; path = Info.plist; sourceTree = "<group>"; };
		411E6A0025F99B3D00D1758E /* ManPowerAppTests.xctest */ = {isa = PBXFileReference; explicitFileType = wrapper.cfbundle; includeInIndex = 0; path = ManPowerAppTests.xctest; sourceTree = BUILT_PRODUCTS_DIR; };
		411E6A0425F99B3D00D1758E /* ManPowerAppTests.swift */ = {isa = PBXFileReference; lastKnownFileType = sourcecode.swift; path = ManPowerAppTests.swift; sourceTree = "<group>"; };
		411E6A0625F99B3D00D1758E /* Info.plist */ = {isa = PBXFileReference; lastKnownFileType = text.plist.xml; path = Info.plist; sourceTree = "<group>"; };
		411E6A0B25F99B3D00D1758E /* ManPowerAppUITests.xctest */ = {isa = PBXFileReference; explicitFileType = wrapper.cfbundle; includeInIndex = 0; path = ManPowerAppUITests.xctest; sourceTree = BUILT_PRODUCTS_DIR; };
		411E6A0F25F99B3D00D1758E /* ManPowerAppUITests.swift */ = {isa = PBXFileReference; lastKnownFileType = sourcecode.swift; path = ManPowerAppUITests.swift; sourceTree = "<group>"; };
		411E6A1125F99B3D00D1758E /* Info.plist */ = {isa = PBXFileReference; lastKnownFileType = text.plist.xml; path = Info.plist; sourceTree = "<group>"; };
		411E6A6725F99C2800D1758E /* ExampleNovedades.swift */ = {isa = PBXFileReference; fileEncoding = 4; lastKnownFileType = sourcecode.swift; path = ExampleNovedades.swift; sourceTree = "<group>"; };
		411E6A6825F99C2800D1758E /* ExampleCapacitacion.swift */ = {isa = PBXFileReference; fileEncoding = 4; lastKnownFileType = sourcecode.swift; path = ExampleCapacitacion.swift; sourceTree = "<group>"; };
		411E6A6925F99C2800D1758E /* ExampleHomeView.swift */ = {isa = PBXFileReference; fileEncoding = 4; indentWidth = 4; lastKnownFileType = sourcecode.swift; path = ExampleHomeView.swift; sourceTree = "<group>"; tabWidth = 4; };
		411E6A6A25F99C2800D1758E /* ExampleSolicitudes.swift */ = {isa = PBXFileReference; fileEncoding = 4; lastKnownFileType = sourcecode.swift; path = ExampleSolicitudes.swift; sourceTree = "<group>"; };
		411E6A6B25F99C2800D1758E /* ExampleBeneficios.swift */ = {isa = PBXFileReference; fileEncoding = 4; lastKnownFileType = sourcecode.swift; path = ExampleBeneficios.swift; sourceTree = "<group>"; };
		411E6A7925F99EEB00D1758E /* CDSideMenuViewModifiers.swift */ = {isa = PBXFileReference; fileEncoding = 4; lastKnownFileType = sourcecode.swift; path = CDSideMenuViewModifiers.swift; sourceTree = "<group>"; };
		411E6A7A25F99EEB00D1758E /* CDViewsModifier.swift */ = {isa = PBXFileReference; fileEncoding = 4; lastKnownFileType = sourcecode.swift; path = CDViewsModifier.swift; sourceTree = "<group>"; };
		411E6A7C25F99EEB00D1758E /* CDSideMenuNotification.swift */ = {isa = PBXFileReference; fileEncoding = 4; lastKnownFileType = sourcecode.swift; path = CDSideMenuNotification.swift; sourceTree = "<group>"; };
		411E6A7D25F99EEB00D1758E /* CDSideMenuConfiguration.swift */ = {isa = PBXFileReference; fileEncoding = 4; lastKnownFileType = sourcecode.swift; path = CDSideMenuConfiguration.swift; sourceTree = "<group>"; };
		411E6A7E25F99EEB00D1758E /* CDSideMenuItem.swift */ = {isa = PBXFileReference; fileEncoding = 4; lastKnownFileType = sourcecode.swift; path = CDSideMenuItem.swift; sourceTree = "<group>"; };
		411E6A7F25F99EEB00D1758E /* CDUserData.swift */ = {isa = PBXFileReference; fileEncoding = 4; lastKnownFileType = sourcecode.swift; path = CDUserData.swift; sourceTree = "<group>"; };
		411E6A8125F99EEB00D1758E /* String.swift */ = {isa = PBXFileReference; fileEncoding = 4; lastKnownFileType = sourcecode.swift; path = String.swift; sourceTree = "<group>"; };
		411E6A8225F99EEB00D1758E /* Color.swift */ = {isa = PBXFileReference; fileEncoding = 4; lastKnownFileType = sourcecode.swift; path = Color.swift; sourceTree = "<group>"; };
		411E6A8425F99EEB00D1758E /* CDSideMenuRow.swift */ = {isa = PBXFileReference; fileEncoding = 4; lastKnownFileType = sourcecode.swift; path = CDSideMenuRow.swift; sourceTree = "<group>"; };
		411E6A8525F99EEB00D1758E /* CDSideMenuButton.swift */ = {isa = PBXFileReference; fileEncoding = 4; lastKnownFileType = sourcecode.swift; path = CDSideMenuButton.swift; sourceTree = "<group>"; };
		411E6A8625F99EEB00D1758E /* CDSideMenuAccountView.swift */ = {isa = PBXFileReference; fileEncoding = 4; lastKnownFileType = sourcecode.swift; path = CDSideMenuAccountView.swift; sourceTree = "<group>"; };
		411E6A8725F99EEB00D1758E /* CDSideMenuItemList.swift */ = {isa = PBXFileReference; fileEncoding = 4; lastKnownFileType = sourcecode.swift; path = CDSideMenuItemList.swift; sourceTree = "<group>"; };
		411E6A8825F99EEB00D1758E /* CDSideMenuView.swift */ = {isa = PBXFileReference; fileEncoding = 4; lastKnownFileType = sourcecode.swift; path = CDSideMenuView.swift; sourceTree = "<group>"; };
		411E6A8925F99EEB00D1758E /* CDSideMenuMainView.swift */ = {isa = PBXFileReference; fileEncoding = 4; lastKnownFileType = sourcecode.swift; path = CDSideMenuMainView.swift; sourceTree = "<group>"; };
		521C7F4326073A3A0061D77F /*   RemoteImage.swift */ = {isa = PBXFileReference; lastKnownFileType = sourcecode.swift; path = "  RemoteImage.swift"; sourceTree = "<group>"; };
		521C7F4B2607E4120061D77F /* ExampleListView.swift */ = {isa = PBXFileReference; lastKnownFileType = sourcecode.swift; path = ExampleListView.swift; sourceTree = "<group>"; };
		527C896B25FAB009004C9BF5 /* ExampleInformacion.swift */ = {isa = PBXFileReference; lastKnownFileType = sourcecode.swift; path = ExampleInformacion.swift; sourceTree = "<group>"; };
		527C897025FAB15F004C9BF5 /* ExampleContacto.swift */ = {isa = PBXFileReference; lastKnownFileType = sourcecode.swift; path = ExampleContacto.swift; sourceTree = "<group>"; };
		527C897525FAB20A004C9BF5 /* ExampleContra.swift */ = {isa = PBXFileReference; lastKnownFileType = sourcecode.swift; path = ExampleContra.swift; sourceTree = "<group>"; };
		52EEB3A325FA02F7005810E7 /* Privacidad.swift */ = {isa = PBXFileReference; lastKnownFileType = sourcecode.swift; path = Privacidad.swift; sourceTree = "<group>"; };
/* End PBXFileReference section */

/* Begin PBXFrameworksBuildPhase section */
		411E69E725F99B3800D1758E /* Frameworks */ = {
			isa = PBXFrameworksBuildPhase;
			buildActionMask = 2147483647;
			files = (
			);
			runOnlyForDeploymentPostprocessing = 0;
		};
		411E69FD25F99B3D00D1758E /* Frameworks */ = {
			isa = PBXFrameworksBuildPhase;
			buildActionMask = 2147483647;
			files = (
			);
			runOnlyForDeploymentPostprocessing = 0;
		};
		411E6A0825F99B3D00D1758E /* Frameworks */ = {
			isa = PBXFrameworksBuildPhase;
			buildActionMask = 2147483647;
			files = (
			);
			runOnlyForDeploymentPostprocessing = 0;
		};
/* End PBXFrameworksBuildPhase section */

/* Begin PBXGroup section */
		411E69E125F99B3800D1758E = {
			isa = PBXGroup;
			children = (
				411E6A7725F99EEB00D1758E /* CDSideMenuSrc */,
				411E69EC25F99B3800D1758E /* ManPowerApp */,
				411E6A0325F99B3D00D1758E /* ManPowerAppTests */,
				411E6A0E25F99B3D00D1758E /* ManPowerAppUITests */,
				411E69EB25F99B3800D1758E /* Products */,
			);
			sourceTree = "<group>";
		};
		411E69EB25F99B3800D1758E /* Products */ = {
			isa = PBXGroup;
			children = (
				411E69EA25F99B3800D1758E /* ManPowerApp.app */,
				411E6A0025F99B3D00D1758E /* ManPowerAppTests.xctest */,
				411E6A0B25F99B3D00D1758E /* ManPowerAppUITests.xctest */,
			);
			name = Products;
			sourceTree = "<group>";
		};
		411E69EC25F99B3800D1758E /* ManPowerApp */ = {
			isa = PBXGroup;
			children = (
				411E6A6625F99C2800D1758E /* Views */,
				411E69ED25F99B3800D1758E /* AppDelegate.swift */,
				411E69EF25F99B3800D1758E /* SceneDelegate.swift */,
				411E69F125F99B3800D1758E /* ContentView.swift */,
				411E69F325F99B3C00D1758E /* Assets.xcassets */,
				411E69F825F99B3C00D1758E /* LaunchScreen.storyboard */,
				411E69FB25F99B3C00D1758E /* Info.plist */,
				411E69F525F99B3C00D1758E /* Preview Content */,
				52EEB3A325FA02F7005810E7 /* Privacidad.swift */,
			);
			path = ManPowerApp;
			sourceTree = "<group>";
		};
		411E69F525F99B3C00D1758E /* Preview Content */ = {
			isa = PBXGroup;
			children = (
				411E69F625F99B3C00D1758E /* Preview Assets.xcassets */,
				521C7F4326073A3A0061D77F /*   RemoteImage.swift */,
			);
			path = "Preview Content";
			sourceTree = "<group>";
		};
		411E6A0325F99B3D00D1758E /* ManPowerAppTests */ = {
			isa = PBXGroup;
			children = (
				411E6A0425F99B3D00D1758E /* ManPowerAppTests.swift */,
				411E6A0625F99B3D00D1758E /* Info.plist */,
			);
			path = ManPowerAppTests;
			sourceTree = "<group>";
		};
		411E6A0E25F99B3D00D1758E /* ManPowerAppUITests */ = {
			isa = PBXGroup;
			children = (
				411E6A0F25F99B3D00D1758E /* ManPowerAppUITests.swift */,
				411E6A1125F99B3D00D1758E /* Info.plist */,
			);
			path = ManPowerAppUITests;
			sourceTree = "<group>";
		};
		411E6A6625F99C2800D1758E /* Views */ = {
			isa = PBXGroup;
			children = (
				411E6A6725F99C2800D1758E /* ExampleNovedades.swift */,
				411E6A6825F99C2800D1758E /* ExampleCapacitacion.swift */,
				411E6A6925F99C2800D1758E /* ExampleHomeView.swift */,
				411E6A6A25F99C2800D1758E /* ExampleSolicitudes.swift */,
				411E6A6B25F99C2800D1758E /* ExampleBeneficios.swift */,
				527C896B25FAB009004C9BF5 /* ExampleInformacion.swift */,
				527C897025FAB15F004C9BF5 /* ExampleContacto.swift */,
				527C897525FAB20A004C9BF5 /* ExampleContra.swift */,
				521C7F4B2607E4120061D77F /* ExampleListView.swift */,
			);
			path = Views;
			sourceTree = "<group>";
		};
		411E6A7725F99EEB00D1758E /* CDSideMenuSrc */ = {
			isa = PBXGroup;
			children = (
				411E6A7825F99EEB00D1758E /* Modifiers */,
				411E6A7B25F99EEB00D1758E /* Models */,
				411E6A8025F99EEB00D1758E /* Extensions */,
				411E6A8325F99EEB00D1758E /* Views */,
			);
			path = CDSideMenuSrc;
			sourceTree = "<group>";
		};
		411E6A7825F99EEB00D1758E /* Modifiers */ = {
			isa = PBXGroup;
			children = (
				411E6A7925F99EEB00D1758E /* CDSideMenuViewModifiers.swift */,
				411E6A7A25F99EEB00D1758E /* CDViewsModifier.swift */,
			);
			path = Modifiers;
			sourceTree = "<group>";
		};
		411E6A7B25F99EEB00D1758E /* Models */ = {
			isa = PBXGroup;
			children = (
				411E6A7C25F99EEB00D1758E /* CDSideMenuNotification.swift */,
				411E6A7D25F99EEB00D1758E /* CDSideMenuConfiguration.swift */,
				411E6A7E25F99EEB00D1758E /* CDSideMenuItem.swift */,
				411E6A7F25F99EEB00D1758E /* CDUserData.swift */,
			);
			path = Models;
			sourceTree = "<group>";
		};
		411E6A8025F99EEB00D1758E /* Extensions */ = {
			isa = PBXGroup;
			children = (
				411E6A8125F99EEB00D1758E /* String.swift */,
				411E6A8225F99EEB00D1758E /* Color.swift */,
			);
			path = Extensions;
			sourceTree = "<group>";
		};
		411E6A8325F99EEB00D1758E /* Views */ = {
			isa = PBXGroup;
			children = (
				411E6A8425F99EEB00D1758E /* CDSideMenuRow.swift */,
				411E6A8525F99EEB00D1758E /* CDSideMenuButton.swift */,
				411E6A8625F99EEB00D1758E /* CDSideMenuAccountView.swift */,
				411E6A8725F99EEB00D1758E /* CDSideMenuItemList.swift */,
				411E6A8825F99EEB00D1758E /* CDSideMenuView.swift */,
				411E6A8925F99EEB00D1758E /* CDSideMenuMainView.swift */,
			);
			path = Views;
			sourceTree = "<group>";
		};
/* End PBXGroup section */

/* Begin PBXNativeTarget section */
		411E69E925F99B3800D1758E /* ManPowerApp */ = {
			isa = PBXNativeTarget;
			buildConfigurationList = 411E6A1425F99B3D00D1758E /* Build configuration list for PBXNativeTarget "ManPowerApp" */;
			buildPhases = (
				411E69E625F99B3800D1758E /* Sources */,
				411E69E725F99B3800D1758E /* Frameworks */,
				411E69E825F99B3800D1758E /* Resources */,
			);
			buildRules = (
			);
			dependencies = (
			);
			name = ManPowerApp;
			productName = ManPowerApp;
			productReference = 411E69EA25F99B3800D1758E /* ManPowerApp.app */;
			productType = "com.apple.product-type.application";
		};
		411E69FF25F99B3D00D1758E /* ManPowerAppTests */ = {
			isa = PBXNativeTarget;
			buildConfigurationList = 411E6A1725F99B3D00D1758E /* Build configuration list for PBXNativeTarget "ManPowerAppTests" */;
			buildPhases = (
				411E69FC25F99B3D00D1758E /* Sources */,
				411E69FD25F99B3D00D1758E /* Frameworks */,
				411E69FE25F99B3D00D1758E /* Resources */,
			);
			buildRules = (
			);
			dependencies = (
				411E6A0225F99B3D00D1758E /* PBXTargetDependency */,
			);
			name = ManPowerAppTests;
			productName = ManPowerAppTests;
			productReference = 411E6A0025F99B3D00D1758E /* ManPowerAppTests.xctest */;
			productType = "com.apple.product-type.bundle.unit-test";
		};
		411E6A0A25F99B3D00D1758E /* ManPowerAppUITests */ = {
			isa = PBXNativeTarget;
			buildConfigurationList = 411E6A1A25F99B3D00D1758E /* Build configuration list for PBXNativeTarget "ManPowerAppUITests" */;
			buildPhases = (
				411E6A0725F99B3D00D1758E /* Sources */,
				411E6A0825F99B3D00D1758E /* Frameworks */,
				411E6A0925F99B3D00D1758E /* Resources */,
			);
			buildRules = (
			);
			dependencies = (
				411E6A0D25F99B3D00D1758E /* PBXTargetDependency */,
			);
			name = ManPowerAppUITests;
			productName = ManPowerAppUITests;
			productReference = 411E6A0B25F99B3D00D1758E /* ManPowerAppUITests.xctest */;
			productType = "com.apple.product-type.bundle.ui-testing";
		};
/* End PBXNativeTarget section */

/* Begin PBXProject section */
		411E69E225F99B3800D1758E /* Project object */ = {
			isa = PBXProject;
			attributes = {
				LastSwiftUpdateCheck = 1240;
				LastUpgradeCheck = 1240;
				TargetAttributes = {
					411E69E925F99B3800D1758E = {
						CreatedOnToolsVersion = 12.4;
					};
					411E69FF25F99B3D00D1758E = {
						CreatedOnToolsVersion = 12.4;
						TestTargetID = 411E69E925F99B3800D1758E;
					};
					411E6A0A25F99B3D00D1758E = {
						CreatedOnToolsVersion = 12.4;
						TestTargetID = 411E69E925F99B3800D1758E;
					};
				};
			};
			buildConfigurationList = 411E69E525F99B3800D1758E /* Build configuration list for PBXProject "ManPowerApp" */;
			compatibilityVersion = "Xcode 9.3";
			developmentRegion = en;
			hasScannedForEncodings = 0;
			knownRegions = (
				en,
				Base,
			);
			mainGroup = 411E69E125F99B3800D1758E;
			productRefGroup = 411E69EB25F99B3800D1758E /* Products */;
			projectDirPath = "";
			projectRoot = "";
			targets = (
				411E69E925F99B3800D1758E /* ManPowerApp */,
				411E69FF25F99B3D00D1758E /* ManPowerAppTests */,
				411E6A0A25F99B3D00D1758E /* ManPowerAppUITests */,
			);
		};
/* End PBXProject section */

/* Begin PBXResourcesBuildPhase section */
		411E69E825F99B3800D1758E /* Resources */ = {
			isa = PBXResourcesBuildPhase;
			buildActionMask = 2147483647;
			files = (
				411E69FA25F99B3C00D1758E /* LaunchScreen.storyboard in Resources */,
				411E69F725F99B3C00D1758E /* Preview Assets.xcassets in Resources */,
				411E69F425F99B3C00D1758E /* Assets.xcassets in Resources */,
			);
			runOnlyForDeploymentPostprocessing = 0;
		};
		411E69FE25F99B3D00D1758E /* Resources */ = {
			isa = PBXResourcesBuildPhase;
			buildActionMask = 2147483647;
			files = (
			);
			runOnlyForDeploymentPostprocessing = 0;
		};
		411E6A0925F99B3D00D1758E /* Resources */ = {
			isa = PBXResourcesBuildPhase;
			buildActionMask = 2147483647;
			files = (
			);
			runOnlyForDeploymentPostprocessing = 0;
		};
/* End PBXResourcesBuildPhase section */

/* Begin PBXSourcesBuildPhase section */
		411E69E625F99B3800D1758E /* Sources */ = {
			isa = PBXSourcesBuildPhase;
			buildActionMask = 2147483647;
			files = (
				411E69EE25F99B3800D1758E /* AppDelegate.swift in Sources */,
				411E6A9625F99EEB00D1758E /* CDSideMenuView.swift in Sources */,
				411E6A6D25F99C2800D1758E /* ExampleCapacitacion.swift in Sources */,
				411E6A9225F99EEB00D1758E /* CDSideMenuRow.swift in Sources */,
				527C896C25FAB009004C9BF5 /* ExampleInformacion.swift in Sources */,
				411E6A8B25F99EEB00D1758E /* CDViewsModifier.swift in Sources */,
				411E6A9325F99EEB00D1758E /* CDSideMenuButton.swift in Sources */,
				521C7F4C2607E4120061D77F /* ExampleListView.swift in Sources */,
				411E69F025F99B3800D1758E /* SceneDelegate.swift in Sources */,
				411E6A8C25F99EEB00D1758E /* CDSideMenuNotification.swift in Sources */,
				411E6A9125F99EEB00D1758E /* Color.swift in Sources */,
				411E6A6C25F99C2800D1758E /* ExampleNovedades.swift in Sources */,
				411E6A8A25F99EEB00D1758E /* CDSideMenuViewModifiers.swift in Sources */,
				411E6A8E25F99EEB00D1758E /* CDSideMenuItem.swift in Sources */,
				411E6A6E25F99C2800D1758E /* ExampleHomeView.swift in Sources */,
				411E69F225F99B3800D1758E /* ContentView.swift in Sources */,
				411E6A8D25F99EEB00D1758E /* CDSideMenuConfiguration.swift in Sources */,
				411E6A8F25F99EEB00D1758E /* CDUserData.swift in Sources */,
				411E6A9525F99EEB00D1758E /* CDSideMenuItemList.swift in Sources */,
				411E6A9025F99EEB00D1758E /* String.swift in Sources */,
				527C897625FAB20A004C9BF5 /* ExampleContra.swift in Sources */,
				52EEB3A425FA02F7005810E7 /* Privacidad.swift in Sources */,
				521C7F4426073A3B0061D77F /*   RemoteImage.swift in Sources */,
				411E6A7025F99C2800D1758E /* ExampleBeneficios.swift in Sources */,
				527C897125FAB15F004C9BF5 /* ExampleContacto.swift in Sources */,
				411E6A6F25F99C2800D1758E /* ExampleSolicitudes.swift in Sources */,
				411E6A9725F99EEB00D1758E /* CDSideMenuMainView.swift in Sources */,
				411E6A9425F99EEB00D1758E /* CDSideMenuAccountView.swift in Sources */,
			);
			runOnlyForDeploymentPostprocessing = 0;
		};
		411E69FC25F99B3D00D1758E /* Sources */ = {
			isa = PBXSourcesBuildPhase;
			buildActionMask = 2147483647;
			files = (
				411E6A0525F99B3D00D1758E /* ManPowerAppTests.swift in Sources */,
			);
			runOnlyForDeploymentPostprocessing = 0;
		};
		411E6A0725F99B3D00D1758E /* Sources */ = {
			isa = PBXSourcesBuildPhase;
			buildActionMask = 2147483647;
			files = (
				411E6A1025F99B3D00D1758E /* ManPowerAppUITests.swift in Sources */,
			);
			runOnlyForDeploymentPostprocessing = 0;
		};
/* End PBXSourcesBuildPhase section */

/* Begin PBXTargetDependency section */
		411E6A0225F99B3D00D1758E /* PBXTargetDependency */ = {
			isa = PBXTargetDependency;
			target = 411E69E925F99B3800D1758E /* ManPowerApp */;
			targetProxy = 411E6A0125F99B3D00D1758E /* PBXContainerItemProxy */;
		};
		411E6A0D25F99B3D00D1758E /* PBXTargetDependency */ = {
			isa = PBXTargetDependency;
			target = 411E69E925F99B3800D1758E /* ManPowerApp */;
			targetProxy = 411E6A0C25F99B3D00D1758E /* PBXContainerItemProxy */;
		};
/* End PBXTargetDependency section */

/* Begin PBXVariantGroup section */
		411E69F825F99B3C00D1758E /* LaunchScreen.storyboard */ = {
			isa = PBXVariantGroup;
			children = (
				411E69F925F99B3C00D1758E /* Base */,
			);
			name = LaunchScreen.storyboard;
			sourceTree = "<group>";
		};
/* End PBXVariantGroup section */

/* Begin XCBuildConfiguration section */
		411E6A1225F99B3D00D1758E /* Debug */ = {
			isa = XCBuildConfiguration;
			buildSettings = {
				ALWAYS_SEARCH_USER_PATHS = NO;
				CLANG_ANALYZER_NONNULL = YES;
				CLANG_ANALYZER_NUMBER_OBJECT_CONVERSION = YES_AGGRESSIVE;
				CLANG_CXX_LANGUAGE_STANDARD = "gnu++14";
				CLANG_CXX_LIBRARY = "libc++";
				CLANG_ENABLE_MODULES = YES;
				CLANG_ENABLE_OBJC_ARC = YES;
				CLANG_ENABLE_OBJC_WEAK = YES;
				CLANG_WARN_BLOCK_CAPTURE_AUTORELEASING = YES;
				CLANG_WARN_BOOL_CONVERSION = YES;
				CLANG_WARN_COMMA = YES;
				CLANG_WARN_CONSTANT_CONVERSION = YES;
				CLANG_WARN_DEPRECATED_OBJC_IMPLEMENTATIONS = YES;
				CLANG_WARN_DIRECT_OBJC_ISA_USAGE = YES_ERROR;
				CLANG_WARN_DOCUMENTATION_COMMENTS = YES;
				CLANG_WARN_EMPTY_BODY = YES;
				CLANG_WARN_ENUM_CONVERSION = YES;
				CLANG_WARN_INFINITE_RECURSION = YES;
				CLANG_WARN_INT_CONVERSION = YES;
				CLANG_WARN_NON_LITERAL_NULL_CONVERSION = YES;
				CLANG_WARN_OBJC_IMPLICIT_RETAIN_SELF = YES;
				CLANG_WARN_OBJC_LITERAL_CONVERSION = YES;
				CLANG_WARN_OBJC_ROOT_CLASS = YES_ERROR;
				CLANG_WARN_QUOTED_INCLUDE_IN_FRAMEWORK_HEADER = YES;
				CLANG_WARN_RANGE_LOOP_ANALYSIS = YES;
				CLANG_WARN_STRICT_PROTOTYPES = YES;
				CLANG_WARN_SUSPICIOUS_MOVE = YES;
				CLANG_WARN_UNGUARDED_AVAILABILITY = YES_AGGRESSIVE;
				CLANG_WARN_UNREACHABLE_CODE = YES;
				CLANG_WARN__DUPLICATE_METHOD_MATCH = YES;
				COPY_PHASE_STRIP = NO;
				DEBUG_INFORMATION_FORMAT = dwarf;
				ENABLE_STRICT_OBJC_MSGSEND = YES;
				ENABLE_TESTABILITY = YES;
				GCC_C_LANGUAGE_STANDARD = gnu11;
				GCC_DYNAMIC_NO_PIC = NO;
				GCC_NO_COMMON_BLOCKS = YES;
				GCC_OPTIMIZATION_LEVEL = 0;
				GCC_PREPROCESSOR_DEFINITIONS = (
					"DEBUG=1",
					"$(inherited)",
				);
				GCC_WARN_64_TO_32_BIT_CONVERSION = YES;
				GCC_WARN_ABOUT_RETURN_TYPE = YES_ERROR;
				GCC_WARN_UNDECLARED_SELECTOR = YES;
				GCC_WARN_UNINITIALIZED_AUTOS = YES_AGGRESSIVE;
				GCC_WARN_UNUSED_FUNCTION = YES;
				GCC_WARN_UNUSED_VARIABLE = YES;
				IPHONEOS_DEPLOYMENT_TARGET = 14.4;
				MTL_ENABLE_DEBUG_INFO = INCLUDE_SOURCE;
				MTL_FAST_MATH = YES;
				ONLY_ACTIVE_ARCH = YES;
				SDKROOT = iphoneos;
				SWIFT_ACTIVE_COMPILATION_CONDITIONS = DEBUG;
				SWIFT_OPTIMIZATION_LEVEL = "-Onone";
			};
			name = Debug;
		};
		411E6A1325F99B3D00D1758E /* Release */ = {
			isa = XCBuildConfiguration;
			buildSettings = {
				ALWAYS_SEARCH_USER_PATHS = NO;
				CLANG_ANALYZER_NONNULL = YES;
				CLANG_ANALYZER_NUMBER_OBJECT_CONVERSION = YES_AGGRESSIVE;
				CLANG_CXX_LANGUAGE_STANDARD = "gnu++14";
				CLANG_CXX_LIBRARY = "libc++";
				CLANG_ENABLE_MODULES = YES;
				CLANG_ENABLE_OBJC_ARC = YES;
				CLANG_ENABLE_OBJC_WEAK = YES;
				CLANG_WARN_BLOCK_CAPTURE_AUTORELEASING = YES;
				CLANG_WARN_BOOL_CONVERSION = YES;
				CLANG_WARN_COMMA = YES;
				CLANG_WARN_CONSTANT_CONVERSION = YES;
				CLANG_WARN_DEPRECATED_OBJC_IMPLEMENTATIONS = YES;
				CLANG_WARN_DIRECT_OBJC_ISA_USAGE = YES_ERROR;
				CLANG_WARN_DOCUMENTATION_COMMENTS = YES;
				CLANG_WARN_EMPTY_BODY = YES;
				CLANG_WARN_ENUM_CONVERSION = YES;
				CLANG_WARN_INFINITE_RECURSION = YES;
				CLANG_WARN_INT_CONVERSION = YES;
				CLANG_WARN_NON_LITERAL_NULL_CONVERSION = YES;
				CLANG_WARN_OBJC_IMPLICIT_RETAIN_SELF = YES;
				CLANG_WARN_OBJC_LITERAL_CONVERSION = YES;
				CLANG_WARN_OBJC_ROOT_CLASS = YES_ERROR;
				CLANG_WARN_QUOTED_INCLUDE_IN_FRAMEWORK_HEADER = YES;
				CLANG_WARN_RANGE_LOOP_ANALYSIS = YES;
				CLANG_WARN_STRICT_PROTOTYPES = YES;
				CLANG_WARN_SUSPICIOUS_MOVE = YES;
				CLANG_WARN_UNGUARDED_AVAILABILITY = YES_AGGRESSIVE;
				CLANG_WARN_UNREACHABLE_CODE = YES;
				CLANG_WARN__DUPLICATE_METHOD_MATCH = YES;
				COPY_PHASE_STRIP = NO;
				DEBUG_INFORMATION_FORMAT = "dwarf-with-dsym";
				ENABLE_NS_ASSERTIONS = NO;
				ENABLE_STRICT_OBJC_MSGSEND = YES;
				GCC_C_LANGUAGE_STANDARD = gnu11;
				GCC_NO_COMMON_BLOCKS = YES;
				GCC_WARN_64_TO_32_BIT_CONVERSION = YES;
				GCC_WARN_ABOUT_RETURN_TYPE = YES_ERROR;
				GCC_WARN_UNDECLARED_SELECTOR = YES;
				GCC_WARN_UNINITIALIZED_AUTOS = YES_AGGRESSIVE;
				GCC_WARN_UNUSED_FUNCTION = YES;
				GCC_WARN_UNUSED_VARIABLE = YES;
				IPHONEOS_DEPLOYMENT_TARGET = 14.4;
				MTL_ENABLE_DEBUG_INFO = NO;
				MTL_FAST_MATH = YES;
				SDKROOT = iphoneos;
				SWIFT_COMPILATION_MODE = wholemodule;
				SWIFT_OPTIMIZATION_LEVEL = "-O";
				VALIDATE_PRODUCT = YES;
			};
			name = Release;
		};
		411E6A1525F99B3D00D1758E /* Debug */ = {
			isa = XCBuildConfiguration;
			buildSettings = {
				ASSETCATALOG_COMPILER_APPICON_NAME = AppIcon;
				ASSETCATALOG_COMPILER_GLOBAL_ACCENT_COLOR_NAME = AccentColor;
				CODE_SIGN_IDENTITY = "Apple Development";
				CODE_SIGN_STYLE = Automatic;
				CURRENT_PROJECT_VERSION = 0.0.2;
				DEVELOPMENT_ASSET_PATHS = "\"ManPowerApp/Preview Content\"";
				DEVELOPMENT_TEAM = WJQU98C98G;
				ENABLE_PREVIEWS = YES;
				INFOPLIST_FILE = ManPowerApp/Info.plist;
				LD_RUNPATH_SEARCH_PATHS = (
					"$(inherited)",
					"@executable_path/Frameworks",
				);
				MARKETING_VERSION = 1.0.0;
				PRODUCT_BUNDLE_IDENTIFIER = com.ManPowerApp;
				PRODUCT_NAME = "$(TARGET_NAME)";
				PROVISIONING_PROFILE_SPECIFIER = "";
				SWIFT_VERSION = 5.0;
				TARGETED_DEVICE_FAMILY = 1;
			};
			name = Debug;
		};
		411E6A1625F99B3D00D1758E /* Release */ = {
			isa = XCBuildConfiguration;
			buildSettings = {
				ASSETCATALOG_COMPILER_APPICON_NAME = AppIcon;
				ASSETCATALOG_COMPILER_GLOBAL_ACCENT_COLOR_NAME = AccentColor;
				CODE_SIGN_STYLE = Automatic;
				CURRENT_PROJECT_VERSION = 0.0.2;
				DEVELOPMENT_ASSET_PATHS = "\"ManPowerApp/Preview Content\"";
				DEVELOPMENT_TEAM = WJQU98C98G;
				ENABLE_PREVIEWS = YES;
				INFOPLIST_FILE = ManPowerApp/Info.plist;
				LD_RUNPATH_SEARCH_PATHS = (
					"$(inherited)",
					"@executable_path/Frameworks",
				);
				MARKETING_VERSION = 1.0.0;
				PRODUCT_BUNDLE_IDENTIFIER = com.ManPowerApp;
				PRODUCT_NAME = "$(TARGET_NAME)";
				SWIFT_VERSION = 5.0;
				TARGETED_DEVICE_FAMILY = 1;
			};
			name = Release;
		};
		411E6A1825F99B3D00D1758E /* Debug */ = {
			isa = XCBuildConfiguration;
			buildSettings = {
				ALWAYS_EMBED_SWIFT_STANDARD_LIBRARIES = YES;
				BUNDLE_LOADER = "$(TEST_HOST)";
				CODE_SIGN_STYLE = Automatic;
				DEVELOPMENT_TEAM = 8734AZC7MT;
				INFOPLIST_FILE = ManPowerAppTests/Info.plist;
				IPHONEOS_DEPLOYMENT_TARGET = 14.4;
				LD_RUNPATH_SEARCH_PATHS = (
					"$(inherited)",
					"@executable_path/Frameworks",
					"@loader_path/Frameworks",
				);
				PRODUCT_BUNDLE_IDENTIFIER = com.ManPowerAppTests;
				PRODUCT_NAME = "$(TARGET_NAME)";
				SWIFT_VERSION = 5.0;
				TARGETED_DEVICE_FAMILY = "1,2";
				TEST_HOST = "$(BUILT_PRODUCTS_DIR)/ManPowerApp.app/ManPowerApp";
			};
			name = Debug;
		};
		411E6A1925F99B3D00D1758E /* Release */ = {
			isa = XCBuildConfiguration;
			buildSettings = {
				ALWAYS_EMBED_SWIFT_STANDARD_LIBRARIES = YES;
				BUNDLE_LOADER = "$(TEST_HOST)";
				CODE_SIGN_STYLE = Automatic;
				DEVELOPMENT_TEAM = 8734AZC7MT;
				INFOPLIST_FILE = ManPowerAppTests/Info.plist;
				IPHONEOS_DEPLOYMENT_TARGET = 14.4;
				LD_RUNPATH_SEARCH_PATHS = (
					"$(inherited)",
					"@executable_path/Frameworks",
					"@loader_path/Frameworks",
				);
				PRODUCT_BUNDLE_IDENTIFIER = com.ManPowerAppTests;
				PRODUCT_NAME = "$(TARGET_NAME)";
				SWIFT_VERSION = 5.0;
				TARGETED_DEVICE_FAMILY = "1,2";
				TEST_HOST = "$(BUILT_PRODUCTS_DIR)/ManPowerApp.app/ManPowerApp";
			};
			name = Release;
		};
		411E6A1B25F99B3D00D1758E /* Debug */ = {
			isa = XCBuildConfiguration;
			buildSettings = {
				ALWAYS_EMBED_SWIFT_STANDARD_LIBRARIES = YES;
				CODE_SIGN_STYLE = Automatic;
				DEVELOPMENT_TEAM = 8734AZC7MT;
				INFOPLIST_FILE = ManPowerAppUITests/Info.plist;
				LD_RUNPATH_SEARCH_PATHS = (
					"$(inherited)",
					"@executable_path/Frameworks",
					"@loader_path/Frameworks",
				);
				PRODUCT_BUNDLE_IDENTIFIER = com.ManPowerAppUITests;
				PRODUCT_NAME = "$(TARGET_NAME)";
				SWIFT_VERSION = 5.0;
				TARGETED_DEVICE_FAMILY = "1,2";
				TEST_TARGET_NAME = ManPowerApp;
			};
			name = Debug;
		};
		411E6A1C25F99B3D00D1758E /* Release */ = {
			isa = XCBuildConfiguration;
			buildSettings = {
				ALWAYS_EMBED_SWIFT_STANDARD_LIBRARIES = YES;
				CODE_SIGN_STYLE = Automatic;
				DEVELOPMENT_TEAM = 8734AZC7MT;
				INFOPLIST_FILE = ManPowerAppUITests/Info.plist;
				LD_RUNPATH_SEARCH_PATHS = (
					"$(inherited)",
					"@executable_path/Frameworks",
					"@loader_path/Frameworks",
				);
				PRODUCT_BUNDLE_IDENTIFIER = com.ManPowerAppUITests;
				PRODUCT_NAME = "$(TARGET_NAME)";
				SWIFT_VERSION = 5.0;
				TARGETED_DEVICE_FAMILY = "1,2";
				TEST_TARGET_NAME = ManPowerApp;
			};
			name = Release;
		};
/* End XCBuildConfiguration section */

/* Begin XCConfigurationList section */
		411E69E525F99B3800D1758E /* Build configuration list for PBXProject "ManPowerApp" */ = {
			isa = XCConfigurationList;
			buildConfigurations = (
				411E6A1225F99B3D00D1758E /* Debug */,
				411E6A1325F99B3D00D1758E /* Release */,
			);
			defaultConfigurationIsVisible = 0;
			defaultConfigurationName = Release;
		};
		411E6A1425F99B3D00D1758E /* Build configuration list for PBXNativeTarget "ManPowerApp" */ = {
			isa = XCConfigurationList;
			buildConfigurations = (
				411E6A1525F99B3D00D1758E /* Debug */,
				411E6A1625F99B3D00D1758E /* Release */,
			);
			defaultConfigurationIsVisible = 0;
			defaultConfigurationName = Release;
		};
		411E6A1725F99B3D00D1758E /* Build configuration list for PBXNativeTarget "ManPowerAppTests" */ = {
			isa = XCConfigurationList;
			buildConfigurations = (
				411E6A1825F99B3D00D1758E /* Debug */,
				411E6A1925F99B3D00D1758E /* Release */,
			);
			defaultConfigurationIsVisible = 0;
			defaultConfigurationName = Release;
		};
		411E6A1A25F99B3D00D1758E /* Build configuration list for PBXNativeTarget "ManPowerAppUITests" */ = {
			isa = XCConfigurationList;
			buildConfigurations = (
				411E6A1B25F99B3D00D1758E /* Debug */,
				411E6A1C25F99B3D00D1758E /* Release */,
			);
			defaultConfigurationIsVisible = 0;
			defaultConfigurationName = Release;
		};
/* End XCConfigurationList section */
	};
	rootObject = 411E69E225F99B3800D1758E /* Project object */;
}
